
Microsoft Visual Studio Solution File, Format Version 12.00
# Visual Studio Version 16
VisualStudioVersion = 16.0.32106.194
MinimumVisualStudioVersion = 10.0.40219.1
Project("{FAE04EC0-301F-11D3-BF4B-00C04F79EFBC}") = "CIA-CLASSIFIED", "CIA-CLASSIFIED\CIA-CLASSIFIED.csproj", "{FD9AED5E-893E-46F0-8E56-EE43321A1DBE}"
EndProject
Global
	GlobalSection(SolutionConfigurationPlatforms) = preSolution
		Debug|Any CPU = Debug|Any CPU
		Release|Any CPU = Release|Any CPU
	EndGlobalSection
	GlobalSection(ProjectConfigurationPlatforms) = postSolution
		{FD9AED5E-893E-46F0-8E56-EE43321A1DBE}.Debug|Any CPU.ActiveCfg = Debug|Any CPU
		{FD9AED5E-893E-46F0-8E56-EE43321A1DBE}.Debug|Any CPU.Build.0 = Debug|Any CPU
		{FD9AED5E-893E-46F0-8E56-EE43321A1DBE}.Release|Any CPU.ActiveCfg = Release|Any CPU
		{FD9AED5E-893E-46F0-8E56-EE43321A1DBE}.Release|Any CPU.Build.0 = Release|Any CPU
	EndGlobalSection
	GlobalSection(SolutionProperties) = preSolution
		HideSolutionNode = FALSE
	EndGlobalSection
	GlobalSection(ExtensibilityGlobals) = postSolution
		SolutionGuid = {5B9A9E1D-7713-435C-80A6-34AB112D862D}
	EndGlobalSection
EndGlobal
